// !$*UTF8*$!
{
	archiveVersion = 1;
	classes = {
	};
	objectVersion = 46;
	objects = {

/* Begin PBXBuildFile section */
		330527E9834049C7877C3C2F /* libPods.a in Frameworks */ = {isa = PBXBuildFile; fileRef = 34B3F12269B14E9EB3B2FEC6 /* libPods.a */; };
		924C2A7C185A3DAE000FDE5C /* ViewController.m in Sources */ = {isa = PBXBuildFile; fileRef = 924C2A7B185A3DAE000FDE5C /* ViewController.m */; };
		924C2A7F185A3DE7000FDE5C /* MenuViewController.m in Sources */ = {isa = PBXBuildFile; fileRef = 924C2A7E185A3DE7000FDE5C /* MenuViewController.m */; };
		9252F82B187DE20B0095D60F /* CNRCategory.m in Sources */ = {isa = PBXBuildFile; fileRef = 9252F826187DE20B0095D60F /* CNRCategory.m */; };
		9252F82C187DE20B0095D60F /* CNRComment.m in Sources */ = {isa = PBXBuildFile; fileRef = 9252F828187DE20B0095D60F /* CNRComment.m */; };
		9252F82D187DE20B0095D60F /* CNRNews.m in Sources */ = {isa = PBXBuildFile; fileRef = 9252F82A187DE20B0095D60F /* CNRNews.m */; };
		92AF0017185A33310074C5DE /* Foundation.framework in Frameworks */ = {isa = PBXBuildFile; fileRef = 92AF0016185A33310074C5DE /* Foundation.framework */; };
		92AF0019185A33310074C5DE /* CoreGraphics.framework in Frameworks */ = {isa = PBXBuildFile; fileRef = 92AF0018185A33310074C5DE /* CoreGraphics.framework */; };
		92AF001B185A33310074C5DE /* UIKit.framework in Frameworks */ = {isa = PBXBuildFile; fileRef = 92AF001A185A33310074C5DE /* UIKit.framework */; };
		92AF0021185A33310074C5DE /* InfoPlist.strings in Resources */ = {isa = PBXBuildFile; fileRef = 92AF001F185A33310074C5DE /* InfoPlist.strings */; };
		92AF0023185A33310074C5DE /* main.m in Sources */ = {isa = PBXBuildFile; fileRef = 92AF0022185A33310074C5DE /* main.m */; };
		92AF0027185A33310074C5DE /* AppDelegate.m in Sources */ = {isa = PBXBuildFile; fileRef = 92AF0026185A33310074C5DE /* AppDelegate.m */; };
		92AF002A185A33310074C5DE /* Main.storyboard in Resources */ = {isa = PBXBuildFile; fileRef = 92AF0028185A33310074C5DE /* Main.storyboard */; };
		92AF002F185A33310074C5DE /* Images.xcassets in Resources */ = {isa = PBXBuildFile; fileRef = 92AF002E185A33310074C5DE /* Images.xcassets */; };
		92AF0036185A33310074C5DE /* XCTest.framework in Frameworks */ = {isa = PBXBuildFile; fileRef = 92AF0035185A33310074C5DE /* XCTest.framework */; };
		92AF0037185A33310074C5DE /* Foundation.framework in Frameworks */ = {isa = PBXBuildFile; fileRef = 92AF0016185A33310074C5DE /* Foundation.framework */; };
		92AF0038185A33310074C5DE /* UIKit.framework in Frameworks */ = {isa = PBXBuildFile; fileRef = 92AF001A185A33310074C5DE /* UIKit.framework */; };
		92AF0040185A33320074C5DE /* InfoPlist.strings in Resources */ = {isa = PBXBuildFile; fileRef = 92AF003E185A33320074C5DE /* InfoPlist.strings */; };
		92AF0042185A33320074C5DE /* LaCNRTests.m in Sources */ = {isa = PBXBuildFile; fileRef = 92AF0041185A33320074C5DE /* LaCNRTests.m */; };
		92AF004C185A33770074C5DE /* podfile in Resources */ = {isa = PBXBuildFile; fileRef = 92AF004B185A33770074C5DE /* podfile */; };
		92AF004F185A33E10074C5DE /* Main_ipad.storyboard in Resources */ = {isa = PBXBuildFile; fileRef = 92AF004E185A33E10074C5DE /* Main_ipad.storyboard */; };
		92D5104E187DD6A300559398 /* Model.xcdatamodeld in Sources */ = {isa = PBXBuildFile; fileRef = 92D5104C187DD6A300559398 /* Model.xcdatamodeld */; };
/* End PBXBuildFile section */

/* Begin PBXContainerItemProxy section */
		92AF0039185A33320074C5DE /* PBXContainerItemProxy */ = {
			isa = PBXContainerItemProxy;
			containerPortal = 92AF000B185A33310074C5DE /* Project object */;
			proxyType = 1;
			remoteGlobalIDString = 92AF0012185A33310074C5DE;
			remoteInfo = LaCNR;
		};
/* End PBXContainerItemProxy section */

/* Begin PBXFileReference section */
		34B3F12269B14E9EB3B2FEC6 /* libPods.a */ = {isa = PBXFileReference; explicitFileType = archive.ar; includeInIndex = 0; path = libPods.a; sourceTree = BUILT_PRODUCTS_DIR; };
		364D643210624284B75246F2 /* Pods.xcconfig */ = {isa = PBXFileReference; includeInIndex = 1; lastKnownFileType = text.xcconfig; name = Pods.xcconfig; path = Pods/Pods.xcconfig; sourceTree = "<group>"; };
		924C2A7A185A3DAE000FDE5C /* ViewController.h */ = {isa = PBXFileReference; fileEncoding = 4; lastKnownFileType = sourcecode.c.h; path = ViewController.h; sourceTree = "<group>"; };
		924C2A7B185A3DAE000FDE5C /* ViewController.m */ = {isa = PBXFileReference; fileEncoding = 4; lastKnownFileType = sourcecode.c.objc; path = ViewController.m; sourceTree = "<group>"; };
		924C2A7D185A3DE7000FDE5C /* MenuViewController.h */ = {isa = PBXFileReference; fileEncoding = 4; lastKnownFileType = sourcecode.c.h; path = MenuViewController.h; sourceTree = "<group>"; };
		924C2A7E185A3DE7000FDE5C /* MenuViewController.m */ = {isa = PBXFileReference; fileEncoding = 4; lastKnownFileType = sourcecode.c.objc; path = MenuViewController.m; sourceTree = "<group>"; };
		9252F825187DE20B0095D60F /* CNRCategory.h */ = {isa = PBXFileReference; fileEncoding = 4; lastKnownFileType = sourcecode.c.h; path = CNRCategory.h; sourceTree = "<group>"; };
		9252F826187DE20B0095D60F /* CNRCategory.m */ = {isa = PBXFileReference; fileEncoding = 4; lastKnownFileType = sourcecode.c.objc; path = CNRCategory.m; sourceTree = "<group>"; };
		9252F827187DE20B0095D60F /* CNRComment.h */ = {isa = PBXFileReference; fileEncoding = 4; lastKnownFileType = sourcecode.c.h; path = CNRComment.h; sourceTree = "<group>"; };
		9252F828187DE20B0095D60F /* CNRComment.m */ = {isa = PBXFileReference; fileEncoding = 4; lastKnownFileType = sourcecode.c.objc; path = CNRComment.m; sourceTree = "<group>"; };
		9252F829187DE20B0095D60F /* CNRNews.h */ = {isa = PBXFileReference; fileEncoding = 4; lastKnownFileType = sourcecode.c.h; path = CNRNews.h; sourceTree = "<group>"; };
		9252F82A187DE20B0095D60F /* CNRNews.m */ = {isa = PBXFileReference; fileEncoding = 4; lastKnownFileType = sourcecode.c.objc; path = CNRNews.m; sourceTree = "<group>"; };
		92AF0013185A33310074C5DE /* LaCNR.app */ = {isa = PBXFileReference; explicitFileType = wrapper.application; includeInIndex = 0; path = LaCNR.app; sourceTree = BUILT_PRODUCTS_DIR; };
		92AF0016185A33310074C5DE /* Foundation.framework */ = {isa = PBXFileReference; lastKnownFileType = wrapper.framework; name = Foundation.framework; path = System/Library/Frameworks/Foundation.framework; sourceTree = SDKROOT; };
		92AF0018185A33310074C5DE /* CoreGraphics.framework */ = {isa = PBXFileReference; lastKnownFileType = wrapper.framework; name = CoreGraphics.framework; path = System/Library/Frameworks/CoreGraphics.framework; sourceTree = SDKROOT; };
		92AF001A185A33310074C5DE /* UIKit.framework */ = {isa = PBXFileReference; lastKnownFileType = wrapper.framework; name = UIKit.framework; path = System/Library/Frameworks/UIKit.framework; sourceTree = SDKROOT; };
		92AF001E185A33310074C5DE /* LaCNR-Info.plist */ = {isa = PBXFileReference; lastKnownFileType = text.plist.xml; path = "LaCNR-Info.plist"; sourceTree = "<group>"; };
		92AF0020185A33310074C5DE /* en */ = {isa = PBXFileReference; lastKnownFileType = text.plist.strings; name = en; path = en.lproj/InfoPlist.strings; sourceTree = "<group>"; };
		92AF0022185A33310074C5DE /* main.m */ = {isa = PBXFileReference; lastKnownFileType = sourcecode.c.objc; path = main.m; sourceTree = "<group>"; };
		92AF0024185A33310074C5DE /* LaCNR-Prefix.pch */ = {isa = PBXFileReference; lastKnownFileType = sourcecode.c.h; path = "LaCNR-Prefix.pch"; sourceTree = "<group>"; };
		92AF0025185A33310074C5DE /* AppDelegate.h */ = {isa = PBXFileReference; lastKnownFileType = sourcecode.c.h; path = AppDelegate.h; sourceTree = "<group>"; };
		92AF0026185A33310074C5DE /* AppDelegate.m */ = {isa = PBXFileReference; lastKnownFileType = sourcecode.c.objc; path = AppDelegate.m; sourceTree = "<group>"; };
		92AF0029185A33310074C5DE /* Base */ = {isa = PBXFileReference; lastKnownFileType = file.storyboard; name = Base; path = Base.lproj/Main.storyboard; sourceTree = "<group>"; };
		92AF002E185A33310074C5DE /* Images.xcassets */ = {isa = PBXFileReference; lastKnownFileType = folder.assetcatalog; path = Images.xcassets; sourceTree = "<group>"; };
		92AF0034185A33310074C5DE /* LaCNRTests.xctest */ = {isa = PBXFileReference; explicitFileType = wrapper.cfbundle; includeInIndex = 0; path = LaCNRTests.xctest; sourceTree = BUILT_PRODUCTS_DIR; };
		92AF0035185A33310074C5DE /* XCTest.framework */ = {isa = PBXFileReference; lastKnownFileType = wrapper.framework; name = XCTest.framework; path = Library/Frameworks/XCTest.framework; sourceTree = DEVELOPER_DIR; };
		92AF003D185A33320074C5DE /* LaCNRTests-Info.plist */ = {isa = PBXFileReference; lastKnownFileType = text.plist.xml; path = "LaCNRTests-Info.plist"; sourceTree = "<group>"; };
		92AF003F185A33320074C5DE /* en */ = {isa = PBXFileReference; lastKnownFileType = text.plist.strings; name = en; path = en.lproj/InfoPlist.strings; sourceTree = "<group>"; };
		92AF0041185A33320074C5DE /* LaCNRTests.m */ = {isa = PBXFileReference; lastKnownFileType = sourcecode.c.objc; path = LaCNRTests.m; sourceTree = "<group>"; };
		92AF004B185A33770074C5DE /* podfile */ = {isa = PBXFileReference; fileEncoding = 4; lastKnownFileType = text; path = podfile; sourceTree = "<group>"; xcLanguageSpecificationIdentifier = xcode.lang.ruby; };
		92AF004E185A33E10074C5DE /* Main_ipad.storyboard */ = {isa = PBXFileReference; fileEncoding = 4; lastKnownFileType = file.storyboard; path = Main_ipad.storyboard; sourceTree = "<group>"; };
		92D5104D187DD6A300559398 /* Model.xcdatamodel */ = {isa = PBXFileReference; lastKnownFileType = wrapper.xcdatamodel; path = Model.xcdatamodel; sourceTree = "<group>"; };
/* End PBXFileReference section */

/* Begin PBXFrameworksBuildPhase section */
		92AF0010185A33310074C5DE /* Frameworks */ = {
			isa = PBXFrameworksBuildPhase;
			buildActionMask = 2147483647;
			files = (
				92AF0019185A33310074C5DE /* CoreGraphics.framework in Frameworks */,
				92AF001B185A33310074C5DE /* UIKit.framework in Frameworks */,
				92AF0017185A33310074C5DE /* Foundation.framework in Frameworks */,
				330527E9834049C7877C3C2F /* libPods.a in Frameworks */,
			);
			runOnlyForDeploymentPostprocessing = 0;
		};
		92AF0031185A33310074C5DE /* Frameworks */ = {
			isa = PBXFrameworksBuildPhase;
			buildActionMask = 2147483647;
			files = (
				92AF0036185A33310074C5DE /* XCTest.framework in Frameworks */,
				92AF0038185A33310074C5DE /* UIKit.framework in Frameworks */,
				92AF0037185A33310074C5DE /* Foundation.framework in Frameworks */,
			);
			runOnlyForDeploymentPostprocessing = 0;
		};
/* End PBXFrameworksBuildPhase section */

/* Begin PBXGroup section */
		924C2A79185A3DAE000FDE5C /* ViewControllers */ = {
			isa = PBXGroup;
			children = (
				924C2A7A185A3DAE000FDE5C /* ViewController.h */,
				924C2A7B185A3DAE000FDE5C /* ViewController.m */,
				924C2A7D185A3DE7000FDE5C /* MenuViewController.h */,
				924C2A7E185A3DE7000FDE5C /* MenuViewController.m */,
			);
			path = ViewControllers;
			sourceTree = "<group>";
		};
		9252F824187DE20B0095D60F /* Entities */ = {
			isa = PBXGroup;
			children = (
				9252F825187DE20B0095D60F /* CNRCategory.h */,
				9252F826187DE20B0095D60F /* CNRCategory.m */,
				9252F827187DE20B0095D60F /* CNRComment.h */,
				9252F828187DE20B0095D60F /* CNRComment.m */,
				9252F829187DE20B0095D60F /* CNRNews.h */,
				9252F82A187DE20B0095D60F /* CNRNews.m */,
			);
			path = Entities;
			sourceTree = "<group>";
		};
		92AF000A185A33310074C5DE = {
			isa = PBXGroup;
			children = (
				92AF004B185A33770074C5DE /* podfile */,
				92AF001C185A33310074C5DE /* LaCNR */,
				92AF003B185A33320074C5DE /* LaCNRTests */,
				92AF0015185A33310074C5DE /* Frameworks */,
				92AF0014185A33310074C5DE /* Products */,
				364D643210624284B75246F2 /* Pods.xcconfig */,
			);
			sourceTree = "<group>";
		};
		92AF0014185A33310074C5DE /* Products */ = {
			isa = PBXGroup;
			children = (
				92AF0013185A33310074C5DE /* LaCNR.app */,
				92AF0034185A33310074C5DE /* LaCNRTests.xctest */,
			);
			name = Products;
			sourceTree = "<group>";
		};
		92AF0015185A33310074C5DE /* Frameworks */ = {
			isa = PBXGroup;
			children = (
				92AF0016185A33310074C5DE /* Foundation.framework */,
				92AF0018185A33310074C5DE /* CoreGraphics.framework */,
				92AF001A185A33310074C5DE /* UIKit.framework */,
				92AF0035185A33310074C5DE /* XCTest.framework */,
				34B3F12269B14E9EB3B2FEC6 /* libPods.a */,
			);
			name = Frameworks;
			sourceTree = "<group>";
		};
		92AF001C185A33310074C5DE /* LaCNR */ = {
			isa = PBXGroup;
			children = (
				9252F824187DE20B0095D60F /* Entities */,
				924C2A79185A3DAE000FDE5C /* ViewControllers */,
				92AF004D185A338B0074C5DE /* iPad */,
				92AF0025185A33310074C5DE /* AppDelegate.h */,
				92AF0026185A33310074C5DE /* AppDelegate.m */,
				92AF002E185A33310074C5DE /* Images.xcassets */,
				92AF001D185A33310074C5DE /* Supporting Files */,
				92D5104C187DD6A300559398 /* Model.xcdatamodeld */,
			);
			path = LaCNR;
			sourceTree = "<group>";
		};
		92AF001D185A33310074C5DE /* Supporting Files */ = {
			isa = PBXGroup;
			children = (
				92AF001E185A33310074C5DE /* LaCNR-Info.plist */,
				92AF001F185A33310074C5DE /* InfoPlist.strings */,
				92AF0022185A33310074C5DE /* main.m */,
				92AF0024185A33310074C5DE /* LaCNR-Prefix.pch */,
			);
			name = "Supporting Files";
			sourceTree = "<group>";
		};
		92AF003B185A33320074C5DE /* LaCNRTests */ = {
			isa = PBXGroup;
			children = (
				92AF0041185A33320074C5DE /* LaCNRTests.m */,
				92AF003C185A33320074C5DE /* Supporting Files */,
			);
			path = LaCNRTests;
			sourceTree = "<group>";
		};
		92AF003C185A33320074C5DE /* Supporting Files */ = {
			isa = PBXGroup;
			children = (
				92AF003D185A33320074C5DE /* LaCNRTests-Info.plist */,
				92AF003E185A33320074C5DE /* InfoPlist.strings */,
			);
			name = "Supporting Files";
			sourceTree = "<group>";
		};
		92AF004D185A338B0074C5DE /* iPad */ = {
			isa = PBXGroup;
			children = (
				92AF004E185A33E10074C5DE /* Main_ipad.storyboard */,
				92AF0028185A33310074C5DE /* Main.storyboard */,
			);
			name = iPad;
			sourceTree = "<group>";
		};
/* End PBXGroup section */

/* Begin PBXNativeTarget section */
		92AF0012185A33310074C5DE /* LaCNR */ = {
			isa = PBXNativeTarget;
			buildConfigurationList = 92AF0045185A33320074C5DE /* Build configuration list for PBXNativeTarget "LaCNR" */;
			buildPhases = (
				DAFE3C2932414E52BFE5BEC1 /* Check Pods Manifest.lock */,
				92AF000F185A33310074C5DE /* Sources */,
				92AF0010185A33310074C5DE /* Frameworks */,
				92AF0011185A33310074C5DE /* Resources */,
				223EC4BEE6044529979A9A3B /* Copy Pods Resources */,
			);
			buildRules = (
			);
			dependencies = (
			);
			name = LaCNR;
			productName = LaCNR;
			productReference = 92AF0013185A33310074C5DE /* LaCNR.app */;
			productType = "com.apple.product-type.application";
		};
		92AF0033185A33310074C5DE /* LaCNRTests */ = {
			isa = PBXNativeTarget;
			buildConfigurationList = 92AF0048185A33320074C5DE /* Build configuration list for PBXNativeTarget "LaCNRTests" */;
			buildPhases = (
				92AF0030185A33310074C5DE /* Sources */,
				92AF0031185A33310074C5DE /* Frameworks */,
				92AF0032185A33310074C5DE /* Resources */,
			);
			buildRules = (
			);
			dependencies = (
				92AF003A185A33320074C5DE /* PBXTargetDependency */,
			);
			name = LaCNRTests;
			productName = LaCNRTests;
			productReference = 92AF0034185A33310074C5DE /* LaCNRTests.xctest */;
			productType = "com.apple.product-type.bundle.unit-test";
		};
/* End PBXNativeTarget section */

/* Begin PBXProject section */
		92AF000B185A33310074C5DE /* Project object */ = {
			isa = PBXProject;
			attributes = {
				LastUpgradeCheck = 0500;
				ORGANIZATIONNAME = supinfo;
				TargetAttributes = {
					92AF0033185A33310074C5DE = {
						TestTargetID = 92AF0012185A33310074C5DE;
					};
				};
			};
			buildConfigurationList = 92AF000E185A33310074C5DE /* Build configuration list for PBXProject "LaCNR" */;
			compatibilityVersion = "Xcode 3.2";
			developmentRegion = English;
			hasScannedForEncodings = 0;
			knownRegions = (
				en,
				Base,
			);
			mainGroup = 92AF000A185A33310074C5DE;
			productRefGroup = 92AF0014185A33310074C5DE /* Products */;
			projectDirPath = "";
			projectRoot = "";
			targets = (
				92AF0012185A33310074C5DE /* LaCNR */,
				92AF0033185A33310074C5DE /* LaCNRTests */,
			);
		};
/* End PBXProject section */

/* Begin PBXResourcesBuildPhase section */
		92AF0011185A33310074C5DE /* Resources */ = {
			isa = PBXResourcesBuildPhase;
			buildActionMask = 2147483647;
			files = (
				92AF004F185A33E10074C5DE /* Main_ipad.storyboard in Resources */,
				92AF002F185A33310074C5DE /* Images.xcassets in Resources */,
				92AF0021185A33310074C5DE /* InfoPlist.strings in Resources */,
				92AF004C185A33770074C5DE /* podfile in Resources */,
				92AF002A185A33310074C5DE /* Main.storyboard in Resources */,
			);
			runOnlyForDeploymentPostprocessing = 0;
		};
		92AF0032185A33310074C5DE /* Resources */ = {
			isa = PBXResourcesBuildPhase;
			buildActionMask = 2147483647;
			files = (
				92AF0040185A33320074C5DE /* InfoPlist.strings in Resources */,
			);
			runOnlyForDeploymentPostprocessing = 0;
		};
/* End PBXResourcesBuildPhase section */

/* Begin PBXShellScriptBuildPhase section */
		223EC4BEE6044529979A9A3B /* Copy Pods Resources */ = {
			isa = PBXShellScriptBuildPhase;
			buildActionMask = 2147483647;
			files = (
			);
			inputPaths = (
			);
			name = "Copy Pods Resources";
			outputPaths = (
			);
			runOnlyForDeploymentPostprocessing = 0;
			shellPath = /bin/sh;
			shellScript = "\"${SRCROOT}/Pods/Pods-resources.sh\"\n";
			showEnvVarsInLog = 0;
		};
		DAFE3C2932414E52BFE5BEC1 /* Check Pods Manifest.lock */ = {
			isa = PBXShellScriptBuildPhase;
			buildActionMask = 2147483647;
			files = (
			);
			inputPaths = (
			);
			name = "Check Pods Manifest.lock";
			outputPaths = (
			);
			runOnlyForDeploymentPostprocessing = 0;
			shellPath = /bin/sh;
			shellScript = "diff \"${PODS_ROOT}/../Podfile.lock\" \"${PODS_ROOT}/Manifest.lock\" > /dev/null\nif [[ $? != 0 ]] ; then\n    cat << EOM\nerror: The sandbox is not in sync with the Podfile.lock. Run 'pod install' or update your CocoaPods installation.\nEOM\n    exit 1\nfi\n";
			showEnvVarsInLog = 0;
		};
/* End PBXShellScriptBuildPhase section */

/* Begin PBXSourcesBuildPhase section */
		92AF000F185A33310074C5DE /* Sources */ = {
			isa = PBXSourcesBuildPhase;
			buildActionMask = 2147483647;
			files = (
				924C2A7C185A3DAE000FDE5C /* ViewController.m in Sources */,
				92AF0027185A33310074C5DE /* AppDelegate.m in Sources */,
				92D5104E187DD6A300559398 /* Model.xcdatamodeld in Sources */,
				9252F82B187DE20B0095D60F /* CNRCategory.m in Sources */,
				92AF0023185A33310074C5DE /* main.m in Sources */,
				924C2A7F185A3DE7000FDE5C /* MenuViewController.m in Sources */,
				9252F82C187DE20B0095D60F /* CNRComment.m in Sources */,
				9252F82D187DE20B0095D60F /* CNRNews.m in Sources */,
			);
			runOnlyForDeploymentPostprocessing = 0;
		};
		92AF0030185A33310074C5DE /* Sources */ = {
			isa = PBXSourcesBuildPhase;
			buildActionMask = 2147483647;
			files = (
				92AF0042185A33320074C5DE /* LaCNRTests.m in Sources */,
			);
			runOnlyForDeploymentPostprocessing = 0;
		};
/* End PBXSourcesBuildPhase section */

/* Begin PBXTargetDependency section */
		92AF003A185A33320074C5DE /* PBXTargetDependency */ = {
			isa = PBXTargetDependency;
			target = 92AF0012185A33310074C5DE /* LaCNR */;
			targetProxy = 92AF0039185A33320074C5DE /* PBXContainerItemProxy */;
		};
/* End PBXTargetDependency section */

/* Begin PBXVariantGroup section */
		92AF001F185A33310074C5DE /* InfoPlist.strings */ = {
			isa = PBXVariantGroup;
			children = (
				92AF0020185A33310074C5DE /* en */,
			);
			name = InfoPlist.strings;
			sourceTree = "<group>";
		};
		92AF0028185A33310074C5DE /* Main.storyboard */ = {
			isa = PBXVariantGroup;
			children = (
				92AF0029185A33310074C5DE /* Base */,
			);
			name = Main.storyboard;
			sourceTree = "<group>";
		};
		92AF003E185A33320074C5DE /* InfoPlist.strings */ = {
			isa = PBXVariantGroup;
			children = (
				92AF003F185A33320074C5DE /* en */,
			);
			name = InfoPlist.strings;
			sourceTree = "<group>";
		};
/* End PBXVariantGroup section */

/* Begin XCBuildConfiguration section */
		92AF0043185A33320074C5DE /* Debug */ = {
			isa = XCBuildConfiguration;
			buildSettings = {
				ALWAYS_SEARCH_USER_PATHS = NO;
				ARCHS = "$(ARCHS_STANDARD_INCLUDING_64_BIT)";
				CLANG_CXX_LANGUAGE_STANDARD = "gnu++0x";
				CLANG_CXX_LIBRARY = "libc++";
				CLANG_ENABLE_MODULES = YES;
				CLANG_ENABLE_OBJC_ARC = YES;
				CLANG_WARN_BOOL_CONVERSION = YES;
				CLANG_WARN_CONSTANT_CONVERSION = YES;
				CLANG_WARN_DIRECT_OBJC_ISA_USAGE = YES_ERROR;
				CLANG_WARN_EMPTY_BODY = YES;
				CLANG_WARN_ENUM_CONVERSION = YES;
				CLANG_WARN_INT_CONVERSION = YES;
				CLANG_WARN_OBJC_ROOT_CLASS = YES_ERROR;
				CLANG_WARN__DUPLICATE_METHOD_MATCH = YES;
				"CODE_SIGN_IDENTITY[sdk=iphoneos*]" = "iPhone Developer";
				COPY_PHASE_STRIP = NO;
				GCC_C_LANGUAGE_STANDARD = gnu99;
				GCC_DYNAMIC_NO_PIC = NO;
				GCC_OPTIMIZATION_LEVEL = 0;
				GCC_PREPROCESSOR_DEFINITIONS = (
					"DEBUG=1",
					"$(inherited)",
				);
				GCC_SYMBOLS_PRIVATE_EXTERN = NO;
				GCC_WARN_64_TO_32_BIT_CONVERSION = YES;
				GCC_WARN_ABOUT_RETURN_TYPE = YES_ERROR;
				GCC_WARN_UNDECLARED_SELECTOR = YES;
				GCC_WARN_UNINITIALIZED_AUTOS = YES;
				GCC_WARN_UNUSED_FUNCTION = YES;
				GCC_WARN_UNUSED_VARIABLE = YES;
				IPHONEOS_DEPLOYMENT_TARGET = 7.0;
				ONLY_ACTIVE_ARCH = YES;
				SDKROOT = iphoneos;
			};
			name = Debug;
		};
		92AF0044185A33320074C5DE /* Release */ = {
			isa = XCBuildConfiguration;
			buildSettings = {
				ALWAYS_SEARCH_USER_PATHS = NO;
				ARCHS = "$(ARCHS_STANDARD_INCLUDING_64_BIT)";
				CLANG_CXX_LANGUAGE_STANDARD = "gnu++0x";
				CLANG_CXX_LIBRARY = "libc++";
				CLANG_ENABLE_MODULES = YES;
				CLANG_ENABLE_OBJC_ARC = YES;
				CLANG_WARN_BOOL_CONVERSION = YES;
				CLANG_WARN_CONSTANT_CONVERSION = YES;
				CLANG_WARN_DIRECT_OBJC_ISA_USAGE = YES_ERROR;
				CLANG_WARN_EMPTY_BODY = YES;
				CLANG_WARN_ENUM_CONVERSION = YES;
				CLANG_WARN_INT_CONVERSION = YES;
				CLANG_WARN_OBJC_ROOT_CLASS = YES_ERROR;
				CLANG_WARN__DUPLICATE_METHOD_MATCH = YES;
				"CODE_SIGN_IDENTITY[sdk=iphoneos*]" = "iPhone Developer";
				COPY_PHASE_STRIP = YES;
				ENABLE_NS_ASSERTIONS = NO;
				GCC_C_LANGUAGE_STANDARD = gnu99;
				GCC_WARN_64_TO_32_BIT_CONVERSION = YES;
				GCC_WARN_ABOUT_RETURN_TYPE = YES_ERROR;
				GCC_WARN_UNDECLARED_SELECTOR = YES;
				GCC_WARN_UNINITIALIZED_AUTOS = YES;
				GCC_WARN_UNUSED_FUNCTION = YES;
				GCC_WARN_UNUSED_VARIABLE = YES;
				IPHONEOS_DEPLOYMENT_TARGET = 7.0;
				SDKROOT = iphoneos;
				VALIDATE_PRODUCT = YES;
			};
			name = Release;
		};
		92AF0046185A33320074C5DE /* Debug */ = {
			isa = XCBuildConfiguration;
			baseConfigurationReference = 364D643210624284B75246F2 /* Pods.xcconfig */;
			buildSettings = {
				ASSETCATALOG_COMPILER_APPICON_NAME = AppIcon;
				ASSETCATALOG_COMPILER_LAUNCHIMAGE_NAME = LaunchImage;
				GCC_PRECOMPILE_PREFIX_HEADER = YES;
				GCC_PREFIX_HEADER = "LaCNR/LaCNR-Prefix.pch";
				INFOPLIST_FILE = "LaCNR/LaCNR-Info.plist";
				IPHONEOS_DEPLOYMENT_TARGET = 6.1;
				PRODUCT_NAME = "$(TARGET_NAME)";
				TARGETED_DEVICE_FAMILY = "1,2";
				WRAPPER_EXTENSION = app;
			};
			name = Debug;
		};
		92AF0047185A33320074C5DE /* Release */ = {
			isa = XCBuildConfiguration;
			baseConfigurationReference = 364D643210624284B75246F2 /* Pods.xcconfig */;
			buildSettings = {
				ASSETCATALOG_COMPILER_APPICON_NAME = AppIcon;
				ASSETCATALOG_COMPILER_LAUNCHIMAGE_NAME = LaunchImage;
				GCC_PRECOMPILE_PREFIX_HEADER = YES;
				GCC_PREFIX_HEADER = "LaCNR/LaCNR-Prefix.pch";
				INFOPLIST_FILE = "LaCNR/LaCNR-Info.plist";
				IPHONEOS_DEPLOYMENT_TARGET = 6.1;
				PRODUCT_NAME = "$(TARGET_NAME)";
				TARGETED_DEVICE_FAMILY = "1,2";
				WRAPPER_EXTENSION = app;
			};
			name = Release;
		};
		92AF0049185A33320074C5DE /* Debug */ = {
			isa = XCBuildConfiguration;
			buildSettings = {
				ARCHS = "$(ARCHS_STANDARD_INCLUDING_64_BIT)";
				BUNDLE_LOADER = "$(BUILT_PRODUCTS_DIR)/LaCNR.app/LaCNR";
				FRAMEWORK_SEARCH_PATHS = (
					"$(SDKROOT)/Developer/Library/Frameworks",
					"$(inherited)",
					"$(DEVELOPER_FRAMEWORKS_DIR)",
				);
				GCC_PRECOMPILE_PREFIX_HEADER = YES;
				GCC_PREFIX_HEADER = "LaCNR/LaCNR-Prefix.pch";
				GCC_PREPROCESSOR_DEFINITIONS = (
					"DEBUG=1",
					"$(inherited)",
				);
				INFOPLIST_FILE = "LaCNRTests/LaCNRTests-Info.plist";
				PRODUCT_NAME = "$(TARGET_NAME)";
				TEST_HOST = "$(BUNDLE_LOADER)";
				WRAPPER_EXTENSION = xctest;
			};
			name = Debug;
		};
		92AF004A185A33320074C5DE /* Release */ = {
			isa = XCBuildConfiguration;
			buildSettings = {
				ARCHS = "$(ARCHS_STANDARD_INCLUDING_64_BIT)";
				BUNDLE_LOADER = "$(BUILT_PRODUCTS_DIR)/LaCNR.app/LaCNR";
				FRAMEWORK_SEARCH_PATHS = (
					"$(SDKROOT)/Developer/Library/Frameworks",
					"$(inherited)",
					"$(DEVELOPER_FRAMEWORKS_DIR)",
				);
				GCC_PRECOMPILE_PREFIX_HEADER = YES;
				GCC_PREFIX_HEADER = "LaCNR/LaCNR-Prefix.pch";
				INFOPLIST_FILE = "LaCNRTests/LaCNRTests-Info.plist";
				PRODUCT_NAME = "$(TARGET_NAME)";
				TEST_HOST = "$(BUNDLE_LOADER)";
				WRAPPER_EXTENSION = xctest;
			};
			name = Release;
		};
/* End XCBuildConfiguration section */

/* Begin XCConfigurationList section */
		92AF000E185A33310074C5DE /* Build configuration list for PBXProject "LaCNR" */ = {
			isa = XCConfigurationList;
			buildConfigurations = (
				92AF0043185A33320074C5DE /* Debug */,
				92AF0044185A33320074C5DE /* Release */,
			);
			defaultConfigurationIsVisible = 0;
			defaultConfigurationName = Release;
		};
		92AF0045185A33320074C5DE /* Build configuration list for PBXNativeTarget "LaCNR" */ = {
			isa = XCConfigurationList;
			buildConfigurations = (
				92AF0046185A33320074C5DE /* Debug */,
				92AF0047185A33320074C5DE /* Release */,
			);
			defaultConfigurationIsVisible = 0;
			defaultConfigurationName = Release;
		};
		92AF0048185A33320074C5DE /* Build configuration list for PBXNativeTarget "LaCNRTests" */ = {
			isa = XCConfigurationList;
			buildConfigurations = (
				92AF0049185A33320074C5DE /* Debug */,
				92AF004A185A33320074C5DE /* Release */,
			);
			defaultConfigurationIsVisible = 0;
			defaultConfigurationName = Release;
		};
/* End XCConfigurationList section */

/* Begin XCVersionGroup section */
		92D5104C187DD6A300559398 /* Model.xcdatamodeld */ = {
			isa = XCVersionGroup;
			children = (
				92D5104D187DD6A300559398 /* Model.xcdatamodel */,
			);
			currentVersion = 92D5104D187DD6A300559398 /* Model.xcdatamodel */;
			path = Model.xcdatamodeld;
			sourceTree = "<group>";
			versionGroupType = wrapper.xcdatamodel;
		};
/* End XCVersionGroup section */
	};
	rootObject = 92AF000B185A33310074C5DE /* Project object */;
}
